# THIS IS AN AUTOGENERATED FILE. DO NOT EDIT THIS FILE DIRECTLY.
# yarn lockfile v1


recorder.js@^1.2.2:
  version "1.2.2"
  resolved "https://registry.yarnpkg.com/recorder.js/-/recorder.js-1.2.2.tgz#d62d01134976862ccbf3f35c0b5dc2d0181600df"
  integrity sha512-cZIbUAFlQhiD8FB2Qii/70r6Ib5eirMCldYdxxlmipuL9tKcvaL4rIHbwX4g8IB9I07KxOMo9ilzYModu/y6ig==
